
Microsoft Visual Studio Solution File, Format Version 12.00
# Visual Studio Version 17
VisualStudioVersion = 17.5.33530.505
MinimumVisualStudioVersion = 10.0.40219.1
Project("{FAE04EC0-301F-11D3-BF4B-00C04F79EFBC}") = "Common.Security.Cryptography", "Common.Security.Cryptography\Common.Security.Cryptography.csproj", "{A0778CE3-4086-4C07-AE66-BF50377B236A}"
EndProject
Project("{FAE04EC0-301F-11D3-BF4B-00C04F79EFBC}") = "Common.Security.Cryptography.UnitTests", "Common.Security.Cryptography.UnitTests\Common.Security.Cryptography.UnitTests.csproj", "{A0A4FE12-188A-418F-90E5-F082DE31603B}"
EndProject
Global
	GlobalSection(SolutionConfigurationPlatforms) = preSolution
		Debug|Any CPU = Debug|Any CPU
		Release|Any CPU = Release|Any CPU
	EndGlobalSection
	GlobalSection(ProjectConfigurationPlatforms) = postSolution
		{A0778CE3-4086-4C07-AE66-BF50377B236A}.Debug|Any CPU.ActiveCfg = Debug|Any CPU
		{A0778CE3-4086-4C07-AE66-BF50377B236A}.Debug|Any CPU.Build.0 = Debug|Any CPU
		{A0778CE3-4086-4C07-AE66-BF50377B236A}.Release|Any CPU.ActiveCfg = Release|Any CPU
		{A0778CE3-4086-4C07-AE66-BF50377B236A}.Release|Any CPU.Build.0 = Release|Any CPU
		{A0A4FE12-188A-418F-90E5-F082DE31603B}.Debug|Any CPU.ActiveCfg = Debug|Any CPU
		{A0A4FE12-188A-418F-90E5-F082DE31603B}.Debug|Any CPU.Build.0 = Debug|Any CPU
		{A0A4FE12-188A-418F-90E5-F082DE31603B}.Release|Any CPU.ActiveCfg = Release|Any CPU
		{A0A4FE12-188A-418F-90E5-F082DE31603B}.Release|Any CPU.Build.0 = Release|Any CPU
	EndGlobalSection
	GlobalSection(SolutionProperties) = preSolution
		HideSolutionNode = FALSE
	EndGlobalSection
	GlobalSection(ExtensibilityGlobals) = postSolution
		SolutionGuid = {7D724B62-00A4-4B8A-B3A9-79325AE53F7C}
	EndGlobalSection
EndGlobal
